// !$*UTF8*$!
{
	archiveVersion = 1;
	classes = {
	};
	objectVersion = 52;
	objects = {

/* Begin PBXBuildFile section */
		0702BA5426065C2900E65F0F /* AppDelegate.swift in Sources */ = {isa = PBXBuildFile; fileRef = 0702BA5326065C2900E65F0F /* AppDelegate.swift */; };
		0702BA5626065C2900E65F0F /* SceneDelegate.swift in Sources */ = {isa = PBXBuildFile; fileRef = 0702BA5526065C2900E65F0F /* SceneDelegate.swift */; };
		0702BA5D26065C2A00E65F0F /* Assets.xcassets in Resources */ = {isa = PBXBuildFile; fileRef = 0702BA5C26065C2A00E65F0F /* Assets.xcassets */; };
		0702BA782606602B00E65F0F /* BaseViewController.swift in Sources */ = {isa = PBXBuildFile; fileRef = 0702BA772606602B00E65F0F /* BaseViewController.swift */; };
		0702BA7C2606603900E65F0F /* CoordinatorProtocol.swift in Sources */ = {isa = PBXBuildFile; fileRef = 0702BA7B2606603900E65F0F /* CoordinatorProtocol.swift */; };
		0702BA7F2606604300E65F0F /* ViewModelProtocol.swift in Sources */ = {isa = PBXBuildFile; fileRef = 0702BA7E2606604300E65F0F /* ViewModelProtocol.swift */; };
		0702BA822606623300E65F0F /* MovieListResponse.swift in Sources */ = {isa = PBXBuildFile; fileRef = 0702BA812606623300E65F0F /* MovieListResponse.swift */; };
		0702BA852606627900E65F0F /* Movie.swift in Sources */ = {isa = PBXBuildFile; fileRef = 0702BA842606627900E65F0F /* Movie.swift */; };
		0702BA882606634500E65F0F /* NSObject+Extensions.swift in Sources */ = {isa = PBXBuildFile; fileRef = 0702BA872606634500E65F0F /* NSObject+Extensions.swift */; };
		0702BA8B2606635B00E65F0F /* String+Extensions.swift in Sources */ = {isa = PBXBuildFile; fileRef = 0702BA8A2606635B00E65F0F /* String+Extensions.swift */; };
		0702BA8E2606637200E65F0F /* UserDefaults+Extensions.swift in Sources */ = {isa = PBXBuildFile; fileRef = 0702BA8D2606637200E65F0F /* UserDefaults+Extensions.swift */; };
		0702BA91260663BA00E65F0F /* Date+Extensions.swift in Sources */ = {isa = PBXBuildFile; fileRef = 0702BA90260663BA00E65F0F /* Date+Extensions.swift */; };
		0702BA942606642E00E65F0F /* APIEndpoints.swift in Sources */ = {isa = PBXBuildFile; fileRef = 0702BA932606642E00E65F0F /* APIEndpoints.swift */; };
		0702BA972606645800E65F0F /* APIManager.swift in Sources */ = {isa = PBXBuildFile; fileRef = 0702BA962606645800E65F0F /* APIManager.swift */; };
		0702BA9B260664BE00E65F0F /* MovieCoordinator.swift in Sources */ = {isa = PBXBuildFile; fileRef = 0702BA9A260664BE00E65F0F /* MovieCoordinator.swift */; };
		0702BAA2260665D500E65F0F /* MovieListViewController.swift in Sources */ = {isa = PBXBuildFile; fileRef = 0702BAA0260665D500E65F0F /* MovieListViewController.swift */; };
		0702BAA3260665D500E65F0F /* MovieListViewController.xib in Resources */ = {isa = PBXBuildFile; fileRef = 0702BAA1260665D500E65F0F /* MovieListViewController.xib */; };
		0702BAA6260665E400E65F0F /* MovieListViewModel.swift in Sources */ = {isa = PBXBuildFile; fileRef = 0702BAA5260665E400E65F0F /* MovieListViewModel.swift */; };
		0702BAAA260665FD00E65F0F /* MovieDetailViewController.swift in Sources */ = {isa = PBXBuildFile; fileRef = 0702BAA8260665FD00E65F0F /* MovieDetailViewController.swift */; };
		0702BAAB260665FD00E65F0F /* MovieDetailViewController.xib in Resources */ = {isa = PBXBuildFile; fileRef = 0702BAA9260665FD00E65F0F /* MovieDetailViewController.xib */; };
		0702BAAE2606660C00E65F0F /* MovieDetailViewModel.swift in Sources */ = {isa = PBXBuildFile; fileRef = 0702BAAD2606660C00E65F0F /* MovieDetailViewModel.swift */; };
		075A928B2606746F00872042 /* StarRating.swift in Sources */ = {isa = PBXBuildFile; fileRef = 075A928A2606746F00872042 /* StarRating.swift */; };
		075A928E260674A300872042 /* LocalizableKey.swift in Sources */ = {isa = PBXBuildFile; fileRef = 075A928D260674A300872042 /* LocalizableKey.swift */; };
		075A9293260675CE00872042 /* Kingfisher in Frameworks */ = {isa = PBXBuildFile; productRef = 075A9292260675CE00872042 /* Kingfisher */; };
		075A92982606766700872042 /* MovieTableViewCell.swift in Sources */ = {isa = PBXBuildFile; fileRef = 075A92962606766700872042 /* MovieTableViewCell.swift */; };
		075A92992606766700872042 /* MovieTableViewCell.xib in Resources */ = {isa = PBXBuildFile; fileRef = 075A92972606766700872042 /* MovieTableViewCell.xib */; };
		075A929F2606789A00872042 /* Localizable.strings in Resources */ = {isa = PBXBuildFile; fileRef = 075A92A12606789A00872042 /* Localizable.strings */; };
		075A92A426067D5800872042 /* LaunchScreen.storyboard in Resources */ = {isa = PBXBuildFile; fileRef = 075A92A326067D5800872042 /* LaunchScreen.storyboard */; };
/* End PBXBuildFile section */

/* Begin PBXFileReference section */
		0702BA5026065C2900E65F0F /* SwiftMVVMCoordinator.app */ = {isa = PBXFileReference; explicitFileType = wrapper.application; includeInIndex = 0; path = SwiftMVVMCoordinator.app; sourceTree = BUILT_PRODUCTS_DIR; };
		0702BA5326065C2900E65F0F /* AppDelegate.swift */ = {isa = PBXFileReference; lastKnownFileType = sourcecode.swift; path = AppDelegate.swift; sourceTree = "<group>"; };
		0702BA5526065C2900E65F0F /* SceneDelegate.swift */ = {isa = PBXFileReference; lastKnownFileType = sourcecode.swift; path = SceneDelegate.swift; sourceTree = "<group>"; };
		0702BA5C26065C2A00E65F0F /* Assets.xcassets */ = {isa = PBXFileReference; lastKnownFileType = folder.assetcatalog; path = Assets.xcassets; sourceTree = "<group>"; };
		0702BA6126065C2A00E65F0F /* Info.plist */ = {isa = PBXFileReference; lastKnownFileType = text.plist.xml; path = Info.plist; sourceTree = "<group>"; };
		0702BA772606602B00E65F0F /* BaseViewController.swift */ = {isa = PBXFileReference; lastKnownFileType = sourcecode.swift; path = BaseViewController.swift; sourceTree = "<group>"; };
		0702BA7B2606603900E65F0F /* CoordinatorProtocol.swift */ = {isa = PBXFileReference; lastKnownFileType = sourcecode.swift; path = CoordinatorProtocol.swift; sourceTree = "<group>"; };
		0702BA7E2606604300E65F0F /* ViewModelProtocol.swift */ = {isa = PBXFileReference; lastKnownFileType = sourcecode.swift; path = ViewModelProtocol.swift; sourceTree = "<group>"; };
		0702BA812606623300E65F0F /* MovieListResponse.swift */ = {isa = PBXFileReference; lastKnownFileType = sourcecode.swift; path = MovieListResponse.swift; sourceTree = "<group>"; };
		0702BA842606627900E65F0F /* Movie.swift */ = {isa = PBXFileReference; lastKnownFileType = sourcecode.swift; path = Movie.swift; sourceTree = "<group>"; };
		0702BA872606634500E65F0F /* NSObject+Extensions.swift */ = {isa = PBXFileReference; lastKnownFileType = sourcecode.swift; path = "NSObject+Extensions.swift"; sourceTree = "<group>"; };
		0702BA8A2606635B00E65F0F /* String+Extensions.swift */ = {isa = PBXFileReference; lastKnownFileType = sourcecode.swift; path = "String+Extensions.swift"; sourceTree = "<group>"; };
		0702BA8D2606637200E65F0F /* UserDefaults+Extensions.swift */ = {isa = PBXFileReference; lastKnownFileType = sourcecode.swift; path = "UserDefaults+Extensions.swift"; sourceTree = "<group>"; };
		0702BA90260663BA00E65F0F /* Date+Extensions.swift */ = {isa = PBXFileReference; lastKnownFileType = sourcecode.swift; path = "Date+Extensions.swift"; sourceTree = "<group>"; };
		0702BA932606642E00E65F0F /* APIEndpoints.swift */ = {isa = PBXFileReference; lastKnownFileType = sourcecode.swift; path = APIEndpoints.swift; sourceTree = "<group>"; };
		0702BA962606645800E65F0F /* APIManager.swift */ = {isa = PBXFileReference; lastKnownFileType = sourcecode.swift; path = APIManager.swift; sourceTree = "<group>"; };
		0702BA9A260664BE00E65F0F /* MovieCoordinator.swift */ = {isa = PBXFileReference; lastKnownFileType = sourcecode.swift; path = MovieCoordinator.swift; sourceTree = "<group>"; };
		0702BAA0260665D500E65F0F /* MovieListViewController.swift */ = {isa = PBXFileReference; lastKnownFileType = sourcecode.swift; path = MovieListViewController.swift; sourceTree = "<group>"; };
		0702BAA1260665D500E65F0F /* MovieListViewController.xib */ = {isa = PBXFileReference; lastKnownFileType = file.xib; path = MovieListViewController.xib; sourceTree = "<group>"; };
		0702BAA5260665E400E65F0F /* MovieListViewModel.swift */ = {isa = PBXFileReference; lastKnownFileType = sourcecode.swift; path = MovieListViewModel.swift; sourceTree = "<group>"; };
		0702BAA8260665FD00E65F0F /* MovieDetailViewController.swift */ = {isa = PBXFileReference; lastKnownFileType = sourcecode.swift; path = MovieDetailViewController.swift; sourceTree = "<group>"; };
		0702BAA9260665FD00E65F0F /* MovieDetailViewController.xib */ = {isa = PBXFileReference; lastKnownFileType = file.xib; path = MovieDetailViewController.xib; sourceTree = "<group>"; };
		0702BAAD2606660C00E65F0F /* MovieDetailViewModel.swift */ = {isa = PBXFileReference; lastKnownFileType = sourcecode.swift; path = MovieDetailViewModel.swift; sourceTree = "<group>"; };
		075A928A2606746F00872042 /* StarRating.swift */ = {isa = PBXFileReference; lastKnownFileType = sourcecode.swift; path = StarRating.swift; sourceTree = "<group>"; };
		075A928D260674A300872042 /* LocalizableKey.swift */ = {isa = PBXFileReference; lastKnownFileType = sourcecode.swift; path = LocalizableKey.swift; sourceTree = "<group>"; };
		075A92962606766700872042 /* MovieTableViewCell.swift */ = {isa = PBXFileReference; lastKnownFileType = sourcecode.swift; path = MovieTableViewCell.swift; sourceTree = "<group>"; };
		075A92972606766700872042 /* MovieTableViewCell.xib */ = {isa = PBXFileReference; lastKnownFileType = file.xib; path = MovieTableViewCell.xib; sourceTree = "<group>"; };
		075A92A02606789A00872042 /* en */ = {isa = PBXFileReference; lastKnownFileType = text.plist.strings; name = en; path = en.lproj/Localizable.strings; sourceTree = "<group>"; };
		075A92A326067D5800872042 /* LaunchScreen.storyboard */ = {isa = PBXFileReference; lastKnownFileType = file.storyboard; path = LaunchScreen.storyboard; sourceTree = "<group>"; };
/* End PBXFileReference section */

/* Begin PBXFrameworksBuildPhase section */
		0702BA4D26065C2900E65F0F /* Frameworks */ = {
			isa = PBXFrameworksBuildPhase;
			buildActionMask = 2147483647;
			files = (
				075A9293260675CE00872042 /* Kingfisher in Frameworks */,
			);
			runOnlyForDeploymentPostprocessing = 0;
		};
/* End PBXFrameworksBuildPhase section */

/* Begin PBXGroup section */
		0702BA4726065C2900E65F0F = {
			isa = PBXGroup;
			children = (
				0702BA5226065C2900E65F0F /* SwiftMVVMCoordinator */,
				0702BA5126065C2900E65F0F /* Products */,
			);
			sourceTree = "<group>";
		};
		0702BA5126065C2900E65F0F /* Products */ = {
			isa = PBXGroup;
			children = (
				0702BA5026065C2900E65F0F /* SwiftMVVMCoordinator.app */,
			);
			name = Products;
			sourceTree = "<group>";
		};
		0702BA5226065C2900E65F0F /* SwiftMVVMCoordinator */ = {
			isa = PBXGroup;
			children = (
				075A92892606745900872042 /* FeatureComponent */,
				0702BA6826065D9400E65F0F /* FeatureCore */,
				0702BA6926065D9A00E65F0F /* FeatureMovie */,
				0702BA6A26065DA200E65F0F /* Resources */,
				0702BA5326065C2900E65F0F /* AppDelegate.swift */,
				0702BA5526065C2900E65F0F /* SceneDelegate.swift */,
				0702BA6126065C2A00E65F0F /* Info.plist */,
			);
			path = SwiftMVVMCoordinator;
			sourceTree = "<group>";
		};
		0702BA6826065D9400E65F0F /* FeatureCore */ = {
			isa = PBXGroup;
			children = (
				0702BA7226065FD600E65F0F /* Base */,
				0702BA7326065FDC00E65F0F /* Data */,
				0702BA7426065FE300E65F0F /* Extensions */,
				0702BA7526065FFA00E65F0F /* Network */,
			);
			path = FeatureCore;
			sourceTree = "<group>";
		};
		0702BA6926065D9A00E65F0F /* FeatureMovie */ = {
			isa = PBXGroup;
			children = (
				0702BA99260664AA00E65F0F /* Screens */,
				0702BA9A260664BE00E65F0F /* MovieCoordinator.swift */,
			);
			path = FeatureMovie;
			sourceTree = "<group>";
		};
		0702BA6A26065DA200E65F0F /* Resources */ = {
			isa = PBXGroup;
			children = (
				0702BA5C26065C2A00E65F0F /* Assets.xcassets */,
				075A928D260674A300872042 /* LocalizableKey.swift */,
				075A92A12606789A00872042 /* Localizable.strings */,
				075A92A326067D5800872042 /* LaunchScreen.storyboard */,
			);
			path = Resources;
			sourceTree = "<group>";
		};
		0702BA7226065FD600E65F0F /* Base */ = {
			isa = PBXGroup;
			children = (
				0702BA772606602B00E65F0F /* BaseViewController.swift */,
				0702BA7B2606603900E65F0F /* CoordinatorProtocol.swift */,
				0702BA7E2606604300E65F0F /* ViewModelProtocol.swift */,
			);
			path = Base;
			sourceTree = "<group>";
		};
		0702BA7326065FDC00E65F0F /* Data */ = {
			isa = PBXGroup;
			children = (
				0702BA812606623300E65F0F /* MovieListResponse.swift */,
				0702BA842606627900E65F0F /* Movie.swift */,
			);
			path = Data;
			sourceTree = "<group>";
		};
		0702BA7426065FE300E65F0F /* Extensions */ = {
			isa = PBXGroup;
			children = (
				0702BA872606634500E65F0F /* NSObject+Extensions.swift */,
				0702BA8A2606635B00E65F0F /* String+Extensions.swift */,
				0702BA8D2606637200E65F0F /* UserDefaults+Extensions.swift */,
				0702BA90260663BA00E65F0F /* Date+Extensions.swift */,
			);
			path = Extensions;
			sourceTree = "<group>";
		};
		0702BA7526065FFA00E65F0F /* Network */ = {
			isa = PBXGroup;
			children = (
				0702BA932606642E00E65F0F /* APIEndpoints.swift */,
				0702BA962606645800E65F0F /* APIManager.swift */,
			);
			path = Network;
			sourceTree = "<group>";
		};
		0702BA99260664AA00E65F0F /* Screens */ = {
			isa = PBXGroup;
			children = (
				0702BA9E260664F300E65F0F /* MovieDetail */,
				0702BA9D260664ED00E65F0F /* MovieList */,
			);
			path = Screens;
			sourceTree = "<group>";
		};
		0702BA9D260664ED00E65F0F /* MovieList */ = {
			isa = PBXGroup;
			children = (
				075A92952606764B00872042 /* TableViewCell */,
				0702BAA0260665D500E65F0F /* MovieListViewController.swift */,
				0702BAA1260665D500E65F0F /* MovieListViewController.xib */,
				0702BAA5260665E400E65F0F /* MovieListViewModel.swift */,
			);
			path = MovieList;
			sourceTree = "<group>";
		};
		0702BA9E260664F300E65F0F /* MovieDetail */ = {
			isa = PBXGroup;
			children = (
				0702BAA8260665FD00E65F0F /* MovieDetailViewController.swift */,
				0702BAA9260665FD00E65F0F /* MovieDetailViewController.xib */,
				0702BAAD2606660C00E65F0F /* MovieDetailViewModel.swift */,
			);
			path = MovieDetail;
			sourceTree = "<group>";
		};
		075A92892606745900872042 /* FeatureComponent */ = {
			isa = PBXGroup;
			children = (
				075A928A2606746F00872042 /* StarRating.swift */,
			);
			path = FeatureComponent;
			sourceTree = "<group>";
		};
		075A92952606764B00872042 /* TableViewCell */ = {
			isa = PBXGroup;
			children = (
				075A92962606766700872042 /* MovieTableViewCell.swift */,
				075A92972606766700872042 /* MovieTableViewCell.xib */,
			);
			path = TableViewCell;
			sourceTree = "<group>";
		};
/* End PBXGroup section */

/* Begin PBXNativeTarget section */
		0702BA4F26065C2900E65F0F /* SwiftMVVMCoordinator */ = {
			isa = PBXNativeTarget;
			buildConfigurationList = 0702BA6426065C2A00E65F0F /* Build configuration list for PBXNativeTarget "SwiftMVVMCoordinator" */;
			buildPhases = (
				0702BA4C26065C2900E65F0F /* Sources */,
				0702BA4D26065C2900E65F0F /* Frameworks */,
				0702BA4E26065C2900E65F0F /* Resources */,
			);
			buildRules = (
			);
			dependencies = (
			);
			name = SwiftMVVMCoordinator;
			packageProductDependencies = (
				075A9292260675CE00872042 /* Kingfisher */,
			);
			productName = SwiftMVVMCoordinator;
			productReference = 0702BA5026065C2900E65F0F /* SwiftMVVMCoordinator.app */;
			productType = "com.apple.product-type.application";
		};
/* End PBXNativeTarget section */

/* Begin PBXProject section */
		0702BA4826065C2900E65F0F /* Project object */ = {
			isa = PBXProject;
			attributes = {
				LastSwiftUpdateCheck = 1220;
				LastUpgradeCheck = 1220;
				TargetAttributes = {
					0702BA4F26065C2900E65F0F = {
						CreatedOnToolsVersion = 12.2;
					};
				};
			};
			buildConfigurationList = 0702BA4B26065C2900E65F0F /* Build configuration list for PBXProject "SwiftMVVMCoordinator" */;
			compatibilityVersion = "Xcode 9.3";
			developmentRegion = en;
			hasScannedForEncodings = 0;
			knownRegions = (
				en,
				Base,
			);
			mainGroup = 0702BA4726065C2900E65F0F;
			packageReferences = (
				075A9291260675CE00872042 /* XCRemoteSwiftPackageReference "Kingfisher" */,
			);
			productRefGroup = 0702BA5126065C2900E65F0F /* Products */;
			projectDirPath = "";
			projectRoot = "";
			targets = (
				0702BA4F26065C2900E65F0F /* SwiftMVVMCoordinator */,
			);
		};
/* End PBXProject section */

/* Begin PBXResourcesBuildPhase section */
		0702BA4E26065C2900E65F0F /* Resources */ = {
			isa = PBXResourcesBuildPhase;
			buildActionMask = 2147483647;
			files = (
				075A929F2606789A00872042 /* Localizable.strings in Resources */,
				0702BAAB260665FD00E65F0F /* MovieDetailViewController.xib in Resources */,
				0702BA5D26065C2A00E65F0F /* Assets.xcassets in Resources */,
				075A92A426067D5800872042 /* LaunchScreen.storyboard in Resources */,
				075A92992606766700872042 /* MovieTableViewCell.xib in Resources */,
				0702BAA3260665D500E65F0F /* MovieListViewController.xib in Resources */,
			);
			runOnlyForDeploymentPostprocessing = 0;
		};
/* End PBXResourcesBuildPhase section */

/* Begin PBXSourcesBuildPhase section */
		0702BA4C26065C2900E65F0F /* Sources */ = {
			isa = PBXSourcesBuildPhase;
			buildActionMask = 2147483647;
			files = (
				0702BAA2260665D500E65F0F /* MovieListViewController.swift in Sources */,
				0702BA782606602B00E65F0F /* BaseViewController.swift in Sources */,
				075A92982606766700872042 /* MovieTableViewCell.swift in Sources */,
				0702BA942606642E00E65F0F /* APIEndpoints.swift in Sources */,
				0702BA8B2606635B00E65F0F /* String+Extensions.swift in Sources */,
				0702BA91260663BA00E65F0F /* Date+Extensions.swift in Sources */,
				0702BA9B260664BE00E65F0F /* MovieCoordinator.swift in Sources */,
				0702BA852606627900E65F0F /* Movie.swift in Sources */,
				0702BA7C2606603900E65F0F /* CoordinatorProtocol.swift in Sources */,
				0702BA5426065C2900E65F0F /* AppDelegate.swift in Sources */,
				0702BA882606634500E65F0F /* NSObject+Extensions.swift in Sources */,
				0702BA7F2606604300E65F0F /* ViewModelProtocol.swift in Sources */,
				0702BA822606623300E65F0F /* MovieListResponse.swift in Sources */,
				0702BAAA260665FD00E65F0F /* MovieDetailViewController.swift in Sources */,
				0702BA5626065C2900E65F0F /* SceneDelegate.swift in Sources */,
				0702BA972606645800E65F0F /* APIManager.swift in Sources */,
				075A928B2606746F00872042 /* StarRating.swift in Sources */,
				0702BAAE2606660C00E65F0F /* MovieDetailViewModel.swift in Sources */,
				0702BA8E2606637200E65F0F /* UserDefaults+Extensions.swift in Sources */,
				075A928E260674A300872042 /* LocalizableKey.swift in Sources */,
				0702BAA6260665E400E65F0F /* MovieListViewModel.swift in Sources */,
			);
			runOnlyForDeploymentPostprocessing = 0;
		};
/* End PBXSourcesBuildPhase section */

/* Begin PBXVariantGroup section */
		075A92A12606789A00872042 /* Localizable.strings */ = {
			isa = PBXVariantGroup;
			children = (
				075A92A02606789A00872042 /* en */,
			);
			name = Localizable.strings;
			sourceTree = "<group>";
		};
/* End PBXVariantGroup section */

/* Begin XCBuildConfiguration section */
		0702BA6226065C2A00E65F0F /* Debug */ = {
			isa = XCBuildConfiguration;
			buildSettings = {
				ALWAYS_SEARCH_USER_PATHS = NO;
				CLANG_ANALYZER_NONNULL = YES;
				CLANG_ANALYZER_NUMBER_OBJECT_CONVERSION = YES_AGGRESSIVE;
				CLANG_CXX_LANGUAGE_STANDARD = "gnu++14";
				CLANG_CXX_LIBRARY = "libc++";
				CLANG_ENABLE_MODULES = YES;
				CLANG_ENABLE_OBJC_ARC = YES;
				CLANG_ENABLE_OBJC_WEAK = YES;
				CLANG_WARN_BLOCK_CAPTURE_AUTORELEASING = YES;
				CLANG_WARN_BOOL_CONVERSION = YES;
				CLANG_WARN_COMMA = YES;
				CLANG_WARN_CONSTANT_CONVERSION = YES;
				CLANG_WARN_DEPRECATED_OBJC_IMPLEMENTATIONS = YES;
				CLANG_WARN_DIRECT_OBJC_ISA_USAGE = YES_ERROR;
				CLANG_WARN_DOCUMENTATION_COMMENTS = YES;
				CLANG_WARN_EMPTY_BODY = YES;
				CLANG_WARN_ENUM_CONVERSION = YES;
				CLANG_WARN_INFINITE_RECURSION = YES;
				CLANG_WARN_INT_CONVERSION = YES;
				CLANG_WARN_NON_LITERAL_NULL_CONVERSION = YES;
				CLANG_WARN_OBJC_IMPLICIT_RETAIN_SELF = YES;
				CLANG_WARN_OBJC_LITERAL_CONVERSION = YES;
				CLANG_WARN_OBJC_ROOT_CLASS = YES_ERROR;
				CLANG_WARN_QUOTED_INCLUDE_IN_FRAMEWORK_HEADER = YES;
				CLANG_WARN_RANGE_LOOP_ANALYSIS = YES;
				CLANG_WARN_STRICT_PROTOTYPES = YES;
				CLANG_WARN_SUSPICIOUS_MOVE = YES;
				CLANG_WARN_UNGUARDED_AVAILABILITY = YES_AGGRESSIVE;
				CLANG_WARN_UNREACHABLE_CODE = YES;
				CLANG_WARN__DUPLICATE_METHOD_MATCH = YES;
				COPY_PHASE_STRIP = NO;
				DEBUG_INFORMATION_FORMAT = dwarf;
				ENABLE_STRICT_OBJC_MSGSEND = YES;
				ENABLE_TESTABILITY = YES;
				GCC_C_LANGUAGE_STANDARD = gnu11;
				GCC_DYNAMIC_NO_PIC = NO;
				GCC_NO_COMMON_BLOCKS = YES;
				GCC_OPTIMIZATION_LEVEL = 0;
				GCC_PREPROCESSOR_DEFINITIONS = (
					"DEBUG=1",
					"$(inherited)",
				);
				GCC_WARN_64_TO_32_BIT_CONVERSION = YES;
				GCC_WARN_ABOUT_RETURN_TYPE = YES_ERROR;
				GCC_WARN_UNDECLARED_SELECTOR = YES;
				GCC_WARN_UNINITIALIZED_AUTOS = YES_AGGRESSIVE;
				GCC_WARN_UNUSED_FUNCTION = YES;
				GCC_WARN_UNUSED_VARIABLE = YES;
				IPHONEOS_DEPLOYMENT_TARGET = 14.2;
				MTL_ENABLE_DEBUG_INFO = INCLUDE_SOURCE;
				MTL_FAST_MATH = YES;
				ONLY_ACTIVE_ARCH = YES;
				SDKROOT = iphoneos;
				SWIFT_ACTIVE_COMPILATION_CONDITIONS = DEBUG;
				SWIFT_OPTIMIZATION_LEVEL = "-Onone";
			};
			name = Debug;
		};
		0702BA6326065C2A00E65F0F /* Release */ = {
			isa = XCBuildConfiguration;
			buildSettings = {
				ALWAYS_SEARCH_USER_PATHS = NO;
				CLANG_ANALYZER_NONNULL = YES;
				CLANG_ANALYZER_NUMBER_OBJECT_CONVERSION = YES_AGGRESSIVE;
				CLANG_CXX_LANGUAGE_STANDARD = "gnu++14";
				CLANG_CXX_LIBRARY = "libc++";
				CLANG_ENABLE_MODULES = YES;
				CLANG_ENABLE_OBJC_ARC = YES;
				CLANG_ENABLE_OBJC_WEAK = YES;
				CLANG_WARN_BLOCK_CAPTURE_AUTORELEASING = YES;
				CLANG_WARN_BOOL_CONVERSION = YES;
				CLANG_WARN_COMMA = YES;
				CLANG_WARN_CONSTANT_CONVERSION = YES;
				CLANG_WARN_DEPRECATED_OBJC_IMPLEMENTATIONS = YES;
				CLANG_WARN_DIRECT_OBJC_ISA_USAGE = YES_ERROR;
				CLANG_WARN_DOCUMENTATION_COMMENTS = YES;
				CLANG_WARN_EMPTY_BODY = YES;
				CLANG_WARN_ENUM_CONVERSION = YES;
				CLANG_WARN_INFINITE_RECURSION = YES;
				CLANG_WARN_INT_CONVERSION = YES;
				CLANG_WARN_NON_LITERAL_NULL_CONVERSION = YES;
				CLANG_WARN_OBJC_IMPLICIT_RETAIN_SELF = YES;
				CLANG_WARN_OBJC_LITERAL_CONVERSION = YES;
				CLANG_WARN_OBJC_ROOT_CLASS = YES_ERROR;
				CLANG_WARN_QUOTED_INCLUDE_IN_FRAMEWORK_HEADER = YES;
				CLANG_WARN_RANGE_LOOP_ANALYSIS = YES;
				CLANG_WARN_STRICT_PROTOTYPES = YES;
				CLANG_WARN_SUSPICIOUS_MOVE = YES;
				CLANG_WARN_UNGUARDED_AVAILABILITY = YES_AGGRESSIVE;
				CLANG_WARN_UNREACHABLE_CODE = YES;
				CLANG_WARN__DUPLICATE_METHOD_MATCH = YES;
				COPY_PHASE_STRIP = NO;
				DEBUG_INFORMATION_FORMAT = "dwarf-with-dsym";
				ENABLE_NS_ASSERTIONS = NO;
				ENABLE_STRICT_OBJC_MSGSEND = YES;
				GCC_C_LANGUAGE_STANDARD = gnu11;
				GCC_NO_COMMON_BLOCKS = YES;
				GCC_WARN_64_TO_32_BIT_CONVERSION = YES;
				GCC_WARN_ABOUT_RETURN_TYPE = YES_ERROR;
				GCC_WARN_UNDECLARED_SELECTOR = YES;
				GCC_WARN_UNINITIALIZED_AUTOS = YES_AGGRESSIVE;
				GCC_WARN_UNUSED_FUNCTION = YES;
				GCC_WARN_UNUSED_VARIABLE = YES;
				IPHONEOS_DEPLOYMENT_TARGET = 14.2;
				MTL_ENABLE_DEBUG_INFO = NO;
				MTL_FAST_MATH = YES;
				SDKROOT = iphoneos;
				SWIFT_COMPILATION_MODE = wholemodule;
				SWIFT_OPTIMIZATION_LEVEL = "-O";
				VALIDATE_PRODUCT = YES;
			};
			name = Release;
		};
		0702BA6526065C2A00E65F0F /* Debug */ = {
			isa = XCBuildConfiguration;
			buildSettings = {
				ASSETCATALOG_COMPILER_APPICON_NAME = AppIcon;
				ASSETCATALOG_COMPILER_GLOBAL_ACCENT_COLOR_NAME = AccentColor;
				CODE_SIGN_STYLE = Automatic;
				INFOPLIST_FILE = SwiftMVVMCoordinator/Info.plist;
				LD_RUNPATH_SEARCH_PATHS = (
					"$(inherited)",
					"@executable_path/Frameworks",
				);
				PRODUCT_BUNDLE_IDENTIFIER = com.ibrahimyilmaz.SwiftMVVMCoordinator;
				PRODUCT_NAME = "$(TARGET_NAME)";
				SWIFT_VERSION = 5.0;
				TARGETED_DEVICE_FAMILY = "1,2";
			};
			name = Debug;
		};
		0702BA6626065C2A00E65F0F /* Release */ = {
			isa = XCBuildConfiguration;
			buildSettings = {
				ASSETCATALOG_COMPILER_APPICON_NAME = AppIcon;
				ASSETCATALOG_COMPILER_GLOBAL_ACCENT_COLOR_NAME = AccentColor;
				CODE_SIGN_STYLE = Automatic;
				INFOPLIST_FILE = SwiftMVVMCoordinator/Info.plist;
				LD_RUNPATH_SEARCH_PATHS = (
					"$(inherited)",
					"@executable_path/Frameworks",
				);
				PRODUCT_BUNDLE_IDENTIFIER = com.ibrahimyilmaz.SwiftMVVMCoordinator;
				PRODUCT_NAME = "$(TARGET_NAME)";
				SWIFT_VERSION = 5.0;
				TARGETED_DEVICE_FAMILY = "1,2";
			};
			name = Release;
		};
/* End XCBuildConfiguration section */

/* Begin XCConfigurationList section */
		0702BA4B26065C2900E65F0F /* Build configuration list for PBXProject "SwiftMVVMCoordinator" */ = {
			isa = XCConfigurationList;
			buildConfigurations = (
				0702BA6226065C2A00E65F0F /* Debug */,
				0702BA6326065C2A00E65F0F /* Release */,
			);
			defaultConfigurationIsVisible = 0;
			defaultConfigurationName = Release;
		};
		0702BA6426065C2A00E65F0F /* Build configuration list for PBXNativeTarget "SwiftMVVMCoordinator" */ = {
			isa = XCConfigurationList;
			buildConfigurations = (
				0702BA6526065C2A00E65F0F /* Debug */,
				0702BA6626065C2A00E65F0F /* Release */,
			);
			defaultConfigurationIsVisible = 0;
			defaultConfigurationName = Release;
		};
/* End XCConfigurationList section */

/* Begin XCRemoteSwiftPackageReference section */
		075A9291260675CE00872042 /* XCRemoteSwiftPackageReference "Kingfisher" */ = {
			isa = XCRemoteSwiftPackageReference;
			repositoryURL = "https://github.com/onevcat/Kingfisher.git";
			requirement = {
				kind = upToNextMajorVersion;
				minimumVersion = 6.2.1;
			};
		};
/* End XCRemoteSwiftPackageReference section */

/* Begin XCSwiftPackageProductDependency section */
		075A9292260675CE00872042 /* Kingfisher */ = {
			isa = XCSwiftPackageProductDependency;
			package = 075A9291260675CE00872042 /* XCRemoteSwiftPackageReference "Kingfisher" */;
			productName = Kingfisher;
		};
/* End XCSwiftPackageProductDependency section */
	};
	rootObject = 0702BA4826065C2900E65F0F /* Project object */;
}
